
Microsoft Visual Studio Solution File, Format Version 12.00
# Visual Studio Version 17
VisualStudioVersion = 17.7.34031.279
MinimumVisualStudioVersion = 10.0.40219.1
Project("{FAE04EC0-301F-11D3-BF4B-00C04F79EFBC}") = "QuizPrep", "QuizPrep\QuizPrep.csproj", "{3C54EEAD-D2B4-4C30-AB5C-A96AD7BF3E9A}"
EndProject
Global
	GlobalSection(SolutionConfigurationPlatforms) = preSolution
		Debug|Any CPU = Debug|Any CPU
		Release|Any CPU = Release|Any CPU
	EndGlobalSection
	GlobalSection(ProjectConfigurationPlatforms) = postSolution
		{3C54EEAD-D2B4-4C30-AB5C-A96AD7BF3E9A}.Debug|Any CPU.ActiveCfg = Debug|Any CPU
		{3C54EEAD-D2B4-4C30-AB5C-A96AD7BF3E9A}.Debug|Any CPU.Build.0 = Debug|Any CPU
		{3C54EEAD-D2B4-4C30-AB5C-A96AD7BF3E9A}.Release|Any CPU.ActiveCfg = Release|Any CPU
		{3C54EEAD-D2B4-4C30-AB5C-A96AD7BF3E9A}.Release|Any CPU.Build.0 = Release|Any CPU
	EndGlobalSection
	GlobalSection(SolutionProperties) = preSolution
		HideSolutionNode = FALSE
	EndGlobalSection
	GlobalSection(ExtensibilityGlobals) = postSolution
		SolutionGuid = {90DB49F6-C792-46D4-805C-2F5F90B6E174}
	EndGlobalSection
EndGlobal
